// !$*UTF8*$!
{
	archiveVersion = 1;
	classes = {
	};
	objectVersion = 55;
	objects = {

/* Begin PBXBuildFile section */
		72E60D0CFBE1858875AB11C9 /* Pods_Parstagram.framework in Frameworks */ = {isa = PBXBuildFile; fileRef = 5920DC01678F69D74AC49EA2 /* Pods_Parstagram.framework */; };
		B64B697C27E81E2C00D4D257 /* PostCell.swift in Sources */ = {isa = PBXBuildFile; fileRef = B64B697B27E81E2C00D4D257 /* PostCell.swift */; };
		B6507D3427E7A9950036F114 /* AppDelegate.swift in Sources */ = {isa = PBXBuildFile; fileRef = B6507D3327E7A9950036F114 /* AppDelegate.swift */; };
		B6507D3627E7A9950036F114 /* SceneDelegate.swift in Sources */ = {isa = PBXBuildFile; fileRef = B6507D3527E7A9950036F114 /* SceneDelegate.swift */; };
		B6507D3B27E7A9950036F114 /* Main.storyboard in Resources */ = {isa = PBXBuildFile; fileRef = B6507D3927E7A9950036F114 /* Main.storyboard */; };
		B6507D3D27E7A9980036F114 /* Assets.xcassets in Resources */ = {isa = PBXBuildFile; fileRef = B6507D3C27E7A9980036F114 /* Assets.xcassets */; };
		B6507D4027E7A9980036F114 /* LaunchScreen.storyboard in Resources */ = {isa = PBXBuildFile; fileRef = B6507D3E27E7A9980036F114 /* LaunchScreen.storyboard */; };
		B6507D4B27E7A9990036F114 /* ParstagramTests.swift in Sources */ = {isa = PBXBuildFile; fileRef = B6507D4A27E7A9990036F114 /* ParstagramTests.swift */; };
		B6507D5527E7A9990036F114 /* ParstagramUITests.swift in Sources */ = {isa = PBXBuildFile; fileRef = B6507D5427E7A9990036F114 /* ParstagramUITests.swift */; };
		B6507D5727E7A9990036F114 /* ParstagramUITestsLaunchTests.swift in Sources */ = {isa = PBXBuildFile; fileRef = B6507D5627E7A9990036F114 /* ParstagramUITestsLaunchTests.swift */; };
		B6507D6427E7E50B0036F114 /* LoginViewController.swift in Sources */ = {isa = PBXBuildFile; fileRef = B6507D6327E7E50B0036F114 /* LoginViewController.swift */; };
		B6507D6627E7E5300036F114 /* FeedViewController.swift in Sources */ = {isa = PBXBuildFile; fileRef = B6507D6527E7E5300036F114 /* FeedViewController.swift */; };
		B6507D6B27E800C80036F114 /* CameraViewController.swift in Sources */ = {isa = PBXBuildFile; fileRef = B6507D6A27E800C80036F114 /* CameraViewController.swift */; };
/* End PBXBuildFile section */

/* Begin PBXContainerItemProxy section */
		B6507D4727E7A9990036F114 /* PBXContainerItemProxy */ = {
			isa = PBXContainerItemProxy;
			containerPortal = B6507D2827E7A9950036F114 /* Project object */;
			proxyType = 1;
			remoteGlobalIDString = B6507D2F27E7A9950036F114;
			remoteInfo = Parstagram;
		};
		B6507D5127E7A9990036F114 /* PBXContainerItemProxy */ = {
			isa = PBXContainerItemProxy;
			containerPortal = B6507D2827E7A9950036F114 /* Project object */;
			proxyType = 1;
			remoteGlobalIDString = B6507D2F27E7A9950036F114;
			remoteInfo = Parstagram;
		};
/* End PBXContainerItemProxy section */

/* Begin PBXFileReference section */
		3038B47549922BE90BCCF29B /* Pods-Parstagram.release.xcconfig */ = {isa = PBXFileReference; includeInIndex = 1; lastKnownFileType = text.xcconfig; name = "Pods-Parstagram.release.xcconfig"; path = "Target Support Files/Pods-Parstagram/Pods-Parstagram.release.xcconfig"; sourceTree = "<group>"; };
		5920DC01678F69D74AC49EA2 /* Pods_Parstagram.framework */ = {isa = PBXFileReference; explicitFileType = wrapper.framework; includeInIndex = 0; path = Pods_Parstagram.framework; sourceTree = BUILT_PRODUCTS_DIR; };
		B64B697B27E81E2C00D4D257 /* PostCell.swift */ = {isa = PBXFileReference; lastKnownFileType = sourcecode.swift; path = PostCell.swift; sourceTree = "<group>"; };
		B6507D3027E7A9950036F114 /* Parstagram.app */ = {isa = PBXFileReference; explicitFileType = wrapper.application; includeInIndex = 0; path = Parstagram.app; sourceTree = BUILT_PRODUCTS_DIR; };
		B6507D3327E7A9950036F114 /* AppDelegate.swift */ = {isa = PBXFileReference; lastKnownFileType = sourcecode.swift; path = AppDelegate.swift; sourceTree = "<group>"; };
		B6507D3527E7A9950036F114 /* SceneDelegate.swift */ = {isa = PBXFileReference; lastKnownFileType = sourcecode.swift; path = SceneDelegate.swift; sourceTree = "<group>"; };
		B6507D3A27E7A9950036F114 /* Base */ = {isa = PBXFileReference; lastKnownFileType = file.storyboard; name = Base; path = Base.lproj/Main.storyboard; sourceTree = "<group>"; };
		B6507D3C27E7A9980036F114 /* Assets.xcassets */ = {isa = PBXFileReference; lastKnownFileType = folder.assetcatalog; path = Assets.xcassets; sourceTree = "<group>"; };
		B6507D3F27E7A9980036F114 /* Base */ = {isa = PBXFileReference; lastKnownFileType = file.storyboard; name = Base; path = Base.lproj/LaunchScreen.storyboard; sourceTree = "<group>"; };
		B6507D4127E7A9980036F114 /* Info.plist */ = {isa = PBXFileReference; lastKnownFileType = text.plist.xml; path = Info.plist; sourceTree = "<group>"; };
		B6507D4627E7A9990036F114 /* ParstagramTests.xctest */ = {isa = PBXFileReference; explicitFileType = wrapper.cfbundle; includeInIndex = 0; path = ParstagramTests.xctest; sourceTree = BUILT_PRODUCTS_DIR; };
		B6507D4A27E7A9990036F114 /* ParstagramTests.swift */ = {isa = PBXFileReference; lastKnownFileType = sourcecode.swift; path = ParstagramTests.swift; sourceTree = "<group>"; };
		B6507D5027E7A9990036F114 /* ParstagramUITests.xctest */ = {isa = PBXFileReference; explicitFileType = wrapper.cfbundle; includeInIndex = 0; path = ParstagramUITests.xctest; sourceTree = BUILT_PRODUCTS_DIR; };
		B6507D5427E7A9990036F114 /* ParstagramUITests.swift */ = {isa = PBXFileReference; lastKnownFileType = sourcecode.swift; path = ParstagramUITests.swift; sourceTree = "<group>"; };
		B6507D5627E7A9990036F114 /* ParstagramUITestsLaunchTests.swift */ = {isa = PBXFileReference; lastKnownFileType = sourcecode.swift; path = ParstagramUITestsLaunchTests.swift; sourceTree = "<group>"; };
		B6507D6327E7E50B0036F114 /* LoginViewController.swift */ = {isa = PBXFileReference; lastKnownFileType = sourcecode.swift; path = LoginViewController.swift; sourceTree = "<group>"; };
		B6507D6527E7E5300036F114 /* FeedViewController.swift */ = {isa = PBXFileReference; lastKnownFileType = sourcecode.swift; path = FeedViewController.swift; sourceTree = "<group>"; };
		B6507D6A27E800C80036F114 /* CameraViewController.swift */ = {isa = PBXFileReference; lastKnownFileType = sourcecode.swift; path = CameraViewController.swift; sourceTree = "<group>"; };
		BEEE321C4480DE86BEA49069 /* Pods-Parstagram.debug.xcconfig */ = {isa = PBXFileReference; includeInIndex = 1; lastKnownFileType = text.xcconfig; name = "Pods-Parstagram.debug.xcconfig"; path = "Target Support Files/Pods-Parstagram/Pods-Parstagram.debug.xcconfig"; sourceTree = "<group>"; };
/* End PBXFileReference section */

/* Begin PBXFrameworksBuildPhase section */
		B6507D2D27E7A9950036F114 /* Frameworks */ = {
			isa = PBXFrameworksBuildPhase;
			buildActionMask = 2147483647;
			files = (
				72E60D0CFBE1858875AB11C9 /* Pods_Parstagram.framework in Frameworks */,
			);
			runOnlyForDeploymentPostprocessing = 0;
		};
		B6507D4327E7A9990036F114 /* Frameworks */ = {
			isa = PBXFrameworksBuildPhase;
			buildActionMask = 2147483647;
			files = (
			);
			runOnlyForDeploymentPostprocessing = 0;
		};
		B6507D4D27E7A9990036F114 /* Frameworks */ = {
			isa = PBXFrameworksBuildPhase;
			buildActionMask = 2147483647;
			files = (
			);
			runOnlyForDeploymentPostprocessing = 0;
		};
/* End PBXFrameworksBuildPhase section */

/* Begin PBXGroup section */
		397FFB8B4A6E605C84C3921B /* Pods */ = {
			isa = PBXGroup;
			children = (
				BEEE321C4480DE86BEA49069 /* Pods-Parstagram.debug.xcconfig */,
				3038B47549922BE90BCCF29B /* Pods-Parstagram.release.xcconfig */,
			);
			path = Pods;
			sourceTree = "<group>";
		};
		B6507D2727E7A9950036F114 = {
			isa = PBXGroup;
			children = (
				B6507D3227E7A9950036F114 /* Parstagram */,
				B6507D4927E7A9990036F114 /* ParstagramTests */,
				B6507D5327E7A9990036F114 /* ParstagramUITests */,
				B6507D3127E7A9950036F114 /* Products */,
				397FFB8B4A6E605C84C3921B /* Pods */,
				E99DE40CF35352687B3892D0 /* Frameworks */,
			);
			sourceTree = "<group>";
		};
		B6507D3127E7A9950036F114 /* Products */ = {
			isa = PBXGroup;
			children = (
				B6507D3027E7A9950036F114 /* Parstagram.app */,
				B6507D4627E7A9990036F114 /* ParstagramTests.xctest */,
				B6507D5027E7A9990036F114 /* ParstagramUITests.xctest */,
			);
			name = Products;
			sourceTree = "<group>";
		};
		B6507D3227E7A9950036F114 /* Parstagram */ = {
			isa = PBXGroup;
			children = (
				B6507D3327E7A9950036F114 /* AppDelegate.swift */,
				B6507D3527E7A9950036F114 /* SceneDelegate.swift */,
				B6507D3927E7A9950036F114 /* Main.storyboard */,
				B64B697B27E81E2C00D4D257 /* PostCell.swift */,
				B6507D6A27E800C80036F114 /* CameraViewController.swift */,
				B6507D6327E7E50B0036F114 /* LoginViewController.swift */,
				B6507D6527E7E5300036F114 /* FeedViewController.swift */,
				B6507D3C27E7A9980036F114 /* Assets.xcassets */,
				B6507D3E27E7A9980036F114 /* LaunchScreen.storyboard */,
				B6507D4127E7A9980036F114 /* Info.plist */,
			);
			path = Parstagram;
			sourceTree = "<group>";
		};
		B6507D4927E7A9990036F114 /* ParstagramTests */ = {
			isa = PBXGroup;
			children = (
				B6507D4A27E7A9990036F114 /* ParstagramTests.swift */,
			);
			path = ParstagramTests;
			sourceTree = "<group>";
		};
		B6507D5327E7A9990036F114 /* ParstagramUITests */ = {
			isa = PBXGroup;
			children = (
				B6507D5427E7A9990036F114 /* ParstagramUITests.swift */,
				B6507D5627E7A9990036F114 /* ParstagramUITestsLaunchTests.swift */,
			);
			path = ParstagramUITests;
			sourceTree = "<group>";
		};
		E99DE40CF35352687B3892D0 /* Frameworks */ = {
			isa = PBXGroup;
			children = (
				5920DC01678F69D74AC49EA2 /* Pods_Parstagram.framework */,
			);
			name = Frameworks;
			sourceTree = "<group>";
		};
/* End PBXGroup section */

/* Begin PBXNativeTarget section */
		B6507D2F27E7A9950036F114 /* Parstagram */ = {
			isa = PBXNativeTarget;
			buildConfigurationList = B6507D5A27E7A9990036F114 /* Build configuration list for PBXNativeTarget "Parstagram" */;
			buildPhases = (
				3E5D719009777F5F4D442659 /* [CP] Check Pods Manifest.lock */,
				B6507D2C27E7A9950036F114 /* Sources */,
				B6507D2D27E7A9950036F114 /* Frameworks */,
				B6507D2E27E7A9950036F114 /* Resources */,
				2D12F9DE0BF21317D304D057 /* [CP] Embed Pods Frameworks */,
			);
			buildRules = (
			);
			dependencies = (
			);
			name = Parstagram;
			productName = Parstagram;
			productReference = B6507D3027E7A9950036F114 /* Parstagram.app */;
			productType = "com.apple.product-type.application";
		};
		B6507D4527E7A9990036F114 /* ParstagramTests */ = {
			isa = PBXNativeTarget;
			buildConfigurationList = B6507D5D27E7A9990036F114 /* Build configuration list for PBXNativeTarget "ParstagramTests" */;
			buildPhases = (
				B6507D4227E7A9990036F114 /* Sources */,
				B6507D4327E7A9990036F114 /* Frameworks */,
				B6507D4427E7A9990036F114 /* Resources */,
			);
			buildRules = (
			);
			dependencies = (
				B6507D4827E7A9990036F114 /* PBXTargetDependency */,
			);
			name = ParstagramTests;
			productName = ParstagramTests;
			productReference = B6507D4627E7A9990036F114 /* ParstagramTests.xctest */;
			productType = "com.apple.product-type.bundle.unit-test";
		};
		B6507D4F27E7A9990036F114 /* ParstagramUITests */ = {
			isa = PBXNativeTarget;
			buildConfigurationList = B6507D6027E7A9990036F114 /* Build configuration list for PBXNativeTarget "ParstagramUITests" */;
			buildPhases = (
				B6507D4C27E7A9990036F114 /* Sources */,
				B6507D4D27E7A9990036F114 /* Frameworks */,
				B6507D4E27E7A9990036F114 /* Resources */,
			);
			buildRules = (
			);
			dependencies = (
				B6507D5227E7A9990036F114 /* PBXTargetDependency */,
			);
			name = ParstagramUITests;
			productName = ParstagramUITests;
			productReference = B6507D5027E7A9990036F114 /* ParstagramUITests.xctest */;
			productType = "com.apple.product-type.bundle.ui-testing";
		};
/* End PBXNativeTarget section */

/* Begin PBXProject section */
		B6507D2827E7A9950036F114 /* Project object */ = {
			isa = PBXProject;
			attributes = {
				BuildIndependentTargetsInParallel = 1;
				LastSwiftUpdateCheck = 1320;
				LastUpgradeCheck = 1320;
				TargetAttributes = {
					B6507D2F27E7A9950036F114 = {
						CreatedOnToolsVersion = 13.2.1;
					};
					B6507D4527E7A9990036F114 = {
						CreatedOnToolsVersion = 13.2.1;
						TestTargetID = B6507D2F27E7A9950036F114;
					};
					B6507D4F27E7A9990036F114 = {
						CreatedOnToolsVersion = 13.2.1;
						TestTargetID = B6507D2F27E7A9950036F114;
					};
				};
			};
			buildConfigurationList = B6507D2B27E7A9950036F114 /* Build configuration list for PBXProject "Parstagram" */;
			compatibilityVersion = "Xcode 13.0";
			developmentRegion = en;
			hasScannedForEncodings = 0;
			knownRegions = (
				en,
				Base,
			);
			mainGroup = B6507D2727E7A9950036F114;
			productRefGroup = B6507D3127E7A9950036F114 /* Products */;
			projectDirPath = "";
			projectRoot = "";
			targets = (
				B6507D2F27E7A9950036F114 /* Parstagram */,
				B6507D4527E7A9990036F114 /* ParstagramTests */,
				B6507D4F27E7A9990036F114 /* ParstagramUITests */,
			);
		};
/* End PBXProject section */

/* Begin PBXResourcesBuildPhase section */
		B6507D2E27E7A9950036F114 /* Resources */ = {
			isa = PBXResourcesBuildPhase;
			buildActionMask = 2147483647;
			files = (
				B6507D4027E7A9980036F114 /* LaunchScreen.storyboard in Resources */,
				B6507D3D27E7A9980036F114 /* Assets.xcassets in Resources */,
				B6507D3B27E7A9950036F114 /* Main.storyboard in Resources */,
			);
			runOnlyForDeploymentPostprocessing = 0;
		};
		B6507D4427E7A9990036F114 /* Resources */ = {
			isa = PBXResourcesBuildPhase;
			buildActionMask = 2147483647;
			files = (
			);
			runOnlyForDeploymentPostprocessing = 0;
		};
		B6507D4E27E7A9990036F114 /* Resources */ = {
			isa = PBXResourcesBuildPhase;
			buildActionMask = 2147483647;
			files = (
			);
			runOnlyForDeploymentPostprocessing = 0;
		};
/* End PBXResourcesBuildPhase section */

/* Begin PBXShellScriptBuildPhase section */
		2D12F9DE0BF21317D304D057 /* [CP] Embed Pods Frameworks */ = {
			isa = PBXShellScriptBuildPhase;
			buildActionMask = 2147483647;
			files = (
			);
			inputFileListPaths = (
				"${PODS_ROOT}/Target Support Files/Pods-Parstagram/Pods-Parstagram-frameworks-${CONFIGURATION}-input-files.xcfilelist",
			);
			name = "[CP] Embed Pods Frameworks";
			outputFileListPaths = (
				"${PODS_ROOT}/Target Support Files/Pods-Parstagram/Pods-Parstagram-frameworks-${CONFIGURATION}-output-files.xcfilelist",
			);
			runOnlyForDeploymentPostprocessing = 0;
			shellPath = /bin/sh;
			shellScript = "\"${PODS_ROOT}/Target Support Files/Pods-Parstagram/Pods-Parstagram-frameworks.sh\"\n";
			showEnvVarsInLog = 0;
		};
		3E5D719009777F5F4D442659 /* [CP] Check Pods Manifest.lock */ = {
			isa = PBXShellScriptBuildPhase;
			buildActionMask = 2147483647;
			files = (
			);
			inputFileListPaths = (
			);
			inputPaths = (
				"${PODS_PODFILE_DIR_PATH}/Podfile.lock",
				"${PODS_ROOT}/Manifest.lock",
			);
			name = "[CP] Check Pods Manifest.lock";
			outputFileListPaths = (
			);
			outputPaths = (
				"$(DERIVED_FILE_DIR)/Pods-Parstagram-checkManifestLockResult.txt",
			);
			runOnlyForDeploymentPostprocessing = 0;
			shellPath = /bin/sh;
			shellScript = "diff \"${PODS_PODFILE_DIR_PATH}/Podfile.lock\" \"${PODS_ROOT}/Manifest.lock\" > /dev/null\nif [ $? != 0 ] ; then\n    # print error to STDERR\n    echo \"error: The sandbox is not in sync with the Podfile.lock. Run 'pod install' or update your CocoaPods installation.\" >&2\n    exit 1\nfi\n# This output is used by Xcode 'outputs' to avoid re-running this script phase.\necho \"SUCCESS\" > \"${SCRIPT_OUTPUT_FILE_0}\"\n";
			showEnvVarsInLog = 0;
		};
/* End PBXShellScriptBuildPhase section */

/* Begin PBXSourcesBuildPhase section */
		B6507D2C27E7A9950036F114 /* Sources */ = {
			isa = PBXSourcesBuildPhase;
			buildActionMask = 2147483647;
			files = (
				B6507D6427E7E50B0036F114 /* LoginViewController.swift in Sources */,
				B6507D6B27E800C80036F114 /* CameraViewController.swift in Sources */,
				B6507D3427E7A9950036F114 /* AppDelegate.swift in Sources */,
				B6507D6627E7E5300036F114 /* FeedViewController.swift in Sources */,
				B6507D3627E7A9950036F114 /* SceneDelegate.swift in Sources */,
				B64B697C27E81E2C00D4D257 /* PostCell.swift in Sources */,
			);
			runOnlyForDeploymentPostprocessing = 0;
		};
		B6507D4227E7A9990036F114 /* Sources */ = {
			isa = PBXSourcesBuildPhase;
			buildActionMask = 2147483647;
			files = (
				B6507D4B27E7A9990036F114 /* ParstagramTests.swift in Sources */,
			);
			runOnlyForDeploymentPostprocessing = 0;
		};
		B6507D4C27E7A9990036F114 /* Sources */ = {
			isa = PBXSourcesBuildPhase;
			buildActionMask = 2147483647;
			files = (
				B6507D5727E7A9990036F114 /* ParstagramUITestsLaunchTests.swift in Sources */,
				B6507D5527E7A9990036F114 /* ParstagramUITests.swift in Sources */,
			);
			runOnlyForDeploymentPostprocessing = 0;
		};
/* End PBXSourcesBuildPhase section */

/* Begin PBXTargetDependency section */
		B6507D4827E7A9990036F114 /* PBXTargetDependency */ = {
			isa = PBXTargetDependency;
			target = B6507D2F27E7A9950036F114 /* Parstagram */;
			targetProxy = B6507D4727E7A9990036F114 /* PBXContainerItemProxy */;
		};
		B6507D5227E7A9990036F114 /* PBXTargetDependency */ = {
			isa = PBXTargetDependency;
			target = B6507D2F27E7A9950036F114 /* Parstagram */;
			targetProxy = B6507D5127E7A9990036F114 /* PBXContainerItemProxy */;
		};
/* End PBXTargetDependency section */

/* Begin PBXVariantGroup section */
		B6507D3927E7A9950036F114 /* Main.storyboard */ = {
			isa = PBXVariantGroup;
			children = (
				B6507D3A27E7A9950036F114 /* Base */,
			);
			name = Main.storyboard;
			sourceTree = "<group>";
		};
		B6507D3E27E7A9980036F114 /* LaunchScreen.storyboard */ = {
			isa = PBXVariantGroup;
			children = (
				B6507D3F27E7A9980036F114 /* Base */,
			);
			name = LaunchScreen.storyboard;
			sourceTree = "<group>";
		};
/* End PBXVariantGroup section */

/* Begin XCBuildConfiguration section */
		B6507D5827E7A9990036F114 /* Debug */ = {
			isa = XCBuildConfiguration;
			buildSettings = {
				ALWAYS_SEARCH_USER_PATHS = NO;
				CLANG_ANALYZER_NONNULL = YES;
				CLANG_ANALYZER_NUMBER_OBJECT_CONVERSION = YES_AGGRESSIVE;
				CLANG_CXX_LANGUAGE_STANDARD = "gnu++17";
				CLANG_CXX_LIBRARY = "libc++";
				CLANG_ENABLE_MODULES = YES;
				CLANG_ENABLE_OBJC_ARC = YES;
				CLANG_ENABLE_OBJC_WEAK = YES;
				CLANG_WARN_BLOCK_CAPTURE_AUTORELEASING = YES;
				CLANG_WARN_BOOL_CONVERSION = YES;
				CLANG_WARN_COMMA = YES;
				CLANG_WARN_CONSTANT_CONVERSION = YES;
				CLANG_WARN_DEPRECATED_OBJC_IMPLEMENTATIONS = YES;
				CLANG_WARN_DIRECT_OBJC_ISA_USAGE = YES_ERROR;
				CLANG_WARN_DOCUMENTATION_COMMENTS = YES;
				CLANG_WARN_EMPTY_BODY = YES;
				CLANG_WARN_ENUM_CONVERSION = YES;
				CLANG_WARN_INFINITE_RECURSION = YES;
				CLANG_WARN_INT_CONVERSION = YES;
				CLANG_WARN_NON_LITERAL_NULL_CONVERSION = YES;
				CLANG_WARN_OBJC_IMPLICIT_RETAIN_SELF = YES;
				CLANG_WARN_OBJC_LITERAL_CONVERSION = YES;
				CLANG_WARN_OBJC_ROOT_CLASS = YES_ERROR;
				CLANG_WARN_QUOTED_INCLUDE_IN_FRAMEWORK_HEADER = YES;
				CLANG_WARN_RANGE_LOOP_ANALYSIS = YES;
				CLANG_WARN_STRICT_PROTOTYPES = YES;
				CLANG_WARN_SUSPICIOUS_MOVE = YES;
				CLANG_WARN_UNGUARDED_AVAILABILITY = YES_AGGRESSIVE;
				CLANG_WARN_UNREACHABLE_CODE = YES;
				CLANG_WARN__DUPLICATE_METHOD_MATCH = YES;
				COPY_PHASE_STRIP = NO;
				DEBUG_INFORMATION_FORMAT = dwarf;
				ENABLE_STRICT_OBJC_MSGSEND = YES;
				ENABLE_TESTABILITY = YES;
				GCC_C_LANGUAGE_STANDARD = gnu11;
				GCC_DYNAMIC_NO_PIC = NO;
				GCC_NO_COMMON_BLOCKS = YES;
				GCC_OPTIMIZATION_LEVEL = 0;
				GCC_PREPROCESSOR_DEFINITIONS = (
					"DEBUG=1",
					"$(inherited)",
				);
				GCC_WARN_64_TO_32_BIT_CONVERSION = YES;
				GCC_WARN_ABOUT_RETURN_TYPE = YES_ERROR;
				GCC_WARN_UNDECLARED_SELECTOR = YES;
				GCC_WARN_UNINITIALIZED_AUTOS = YES_AGGRESSIVE;
				GCC_WARN_UNUSED_FUNCTION = YES;
				GCC_WARN_UNUSED_VARIABLE = YES;
				IPHONEOS_DEPLOYMENT_TARGET = 15.2;
				MTL_ENABLE_DEBUG_INFO = INCLUDE_SOURCE;
				MTL_FAST_MATH = YES;
				ONLY_ACTIVE_ARCH = YES;
				SDKROOT = iphoneos;
				SWIFT_ACTIVE_COMPILATION_CONDITIONS = DEBUG;
				SWIFT_OPTIMIZATION_LEVEL = "-Onone";
			};
			name = Debug;
		};
		B6507D5927E7A9990036F114 /* Release */ = {
			isa = XCBuildConfiguration;
			buildSettings = {
				ALWAYS_SEARCH_USER_PATHS = NO;
				CLANG_ANALYZER_NONNULL = YES;
				CLANG_ANALYZER_NUMBER_OBJECT_CONVERSION = YES_AGGRESSIVE;
				CLANG_CXX_LANGUAGE_STANDARD = "gnu++17";
				CLANG_CXX_LIBRARY = "libc++";
				CLANG_ENABLE_MODULES = YES;
				CLANG_ENABLE_OBJC_ARC = YES;
				CLANG_ENABLE_OBJC_WEAK = YES;
				CLANG_WARN_BLOCK_CAPTURE_AUTORELEASING = YES;
				CLANG_WARN_BOOL_CONVERSION = YES;
				CLANG_WARN_COMMA = YES;
				CLANG_WARN_CONSTANT_CONVERSION = YES;
				CLANG_WARN_DEPRECATED_OBJC_IMPLEMENTATIONS = YES;
				CLANG_WARN_DIRECT_OBJC_ISA_USAGE = YES_ERROR;
				CLANG_WARN_DOCUMENTATION_COMMENTS = YES;
				CLANG_WARN_EMPTY_BODY = YES;
				CLANG_WARN_ENUM_CONVERSION = YES;
				CLANG_WARN_INFINITE_RECURSION = YES;
				CLANG_WARN_INT_CONVERSION = YES;
				CLANG_WARN_NON_LITERAL_NULL_CONVERSION = YES;
				CLANG_WARN_OBJC_IMPLICIT_RETAIN_SELF = YES;
				CLANG_WARN_OBJC_LITERAL_CONVERSION = YES;
				CLANG_WARN_OBJC_ROOT_CLASS = YES_ERROR;
				CLANG_WARN_QUOTED_INCLUDE_IN_FRAMEWORK_HEADER = YES;
				CLANG_WARN_RANGE_LOOP_ANALYSIS = YES;
				CLANG_WARN_STRICT_PROTOTYPES = YES;
				CLANG_WARN_SUSPICIOUS_MOVE = YES;
				CLANG_WARN_UNGUARDED_AVAILABILITY = YES_AGGRESSIVE;
				CLANG_WARN_UNREACHABLE_CODE = YES;
				CLANG_WARN__DUPLICATE_METHOD_MATCH = YES;
				COPY_PHASE_STRIP = NO;
				DEBUG_INFORMATION_FORMAT = "dwarf-with-dsym";
				ENABLE_NS_ASSERTIONS = NO;
				ENABLE_STRICT_OBJC_MSGSEND = YES;
				GCC_C_LANGUAGE_STANDARD = gnu11;
				GCC_NO_COMMON_BLOCKS = YES;
				GCC_WARN_64_TO_32_BIT_CONVERSION = YES;
				GCC_WARN_ABOUT_RETURN_TYPE = YES_ERROR;
				GCC_WARN_UNDECLARED_SELECTOR = YES;
				GCC_WARN_UNINITIALIZED_AUTOS = YES_AGGRESSIVE;
				GCC_WARN_UNUSED_FUNCTION = YES;
				GCC_WARN_UNUSED_VARIABLE = YES;
				IPHONEOS_DEPLOYMENT_TARGET = 15.2;
				MTL_ENABLE_DEBUG_INFO = NO;
				MTL_FAST_MATH = YES;
				SDKROOT = iphoneos;
				SWIFT_COMPILATION_MODE = wholemodule;
				SWIFT_OPTIMIZATION_LEVEL = "-O";
				VALIDATE_PRODUCT = YES;
			};
			name = Release;
		};
		B6507D5B27E7A9990036F114 /* Debug */ = {
			isa = XCBuildConfiguration;
			baseConfigurationReference = BEEE321C4480DE86BEA49069 /* Pods-Parstagram.debug.xcconfig */;
			buildSettings = {
				ASSETCATALOG_COMPILER_APPICON_NAME = AppIcon;
				ASSETCATALOG_COMPILER_GLOBAL_ACCENT_COLOR_NAME = AccentColor;
				CODE_SIGN_STYLE = Automatic;
				CURRENT_PROJECT_VERSION = 1;
				DEVELOPMENT_TEAM = 7HX58YYQGS;
				GENERATE_INFOPLIST_FILE = YES;
				INFOPLIST_FILE = Parstagram/Info.plist;
				INFOPLIST_KEY_CFBundleDisplayName = Parstagram;
				INFOPLIST_KEY_UIApplicationSupportsIndirectInputEvents = YES;
				INFOPLIST_KEY_UILaunchStoryboardName = LaunchScreen;
				INFOPLIST_KEY_UIMainStoryboardFile = Main;
				INFOPLIST_KEY_UISupportedInterfaceOrientations_iPad = "UIInterfaceOrientationPortrait UIInterfaceOrientationPortraitUpsideDown UIInterfaceOrientationLandscapeLeft UIInterfaceOrientationLandscapeRight";
				INFOPLIST_KEY_UISupportedInterfaceOrientations_iPhone = "UIInterfaceOrientationPortrait UIInterfaceOrientationLandscapeLeft UIInterfaceOrientationLandscapeRight";
				LD_RUNPATH_SEARCH_PATHS = (
					"$(inherited)",
					"@executable_path/Frameworks",
				);
				MARKETING_VERSION = 1.0;
				PRODUCT_BUNDLE_IDENTIFIER = "com.Wei-Xia.Parstagram";
				PRODUCT_NAME = "$(TARGET_NAME)";
				SWIFT_EMIT_LOC_STRINGS = YES;
				SWIFT_VERSION = 5.0;
				TARGETED_DEVICE_FAMILY = "1,2";
			};
			name = Debug;
		};
		B6507D5C27E7A9990036F114 /* Release */ = {
			isa = XCBuildConfiguration;
			baseConfigurationReference = 3038B47549922BE90BCCF29B /* Pods-Parstagram.release.xcconfig */;
			buildSettings = {
				ASSETCATALOG_COMPILER_APPICON_NAME = AppIcon;
				ASSETCATALOG_COMPILER_GLOBAL_ACCENT_COLOR_NAME = AccentColor;
				CODE_SIGN_STYLE = Automatic;
				CURRENT_PROJECT_VERSION = 1;
				DEVELOPMENT_TEAM = 7HX58YYQGS;
				GENERATE_INFOPLIST_FILE = YES;
				INFOPLIST_FILE = Parstagram/Info.plist;
				INFOPLIST_KEY_CFBundleDisplayName = Parstagram;
				INFOPLIST_KEY_UIApplicationSupportsIndirectInputEvents = YES;
				INFOPLIST_KEY_UILaunchStoryboardName = LaunchScreen;
				INFOPLIST_KEY_UIMainStoryboardFile = Main;
				INFOPLIST_KEY_UISupportedInterfaceOrientations_iPad = "UIInterfaceOrientationPortrait UIInterfaceOrientationPortraitUpsideDown UIInterfaceOrientationLandscapeLeft UIInterfaceOrientationLandscapeRight";
				INFOPLIST_KEY_UISupportedInterfaceOrientations_iPhone = "UIInterfaceOrientationPortrait UIInterfaceOrientationLandscapeLeft UIInterfaceOrientationLandscapeRight";
				LD_RUNPATH_SEARCH_PATHS = (
					"$(inherited)",
					"@executable_path/Frameworks",
				);
				MARKETING_VERSION = 1.0;
				PRODUCT_BUNDLE_IDENTIFIER = "com.Wei-Xia.Parstagram";
				PRODUCT_NAME = "$(TARGET_NAME)";
				SWIFT_EMIT_LOC_STRINGS = YES;
				SWIFT_VERSION = 5.0;
				TARGETED_DEVICE_FAMILY = "1,2";
			};
			name = Release;
		};
		B6507D5E27E7A9990036F114 /* Debug */ = {
			isa = XCBuildConfiguration;
			buildSettings = {
				ALWAYS_EMBED_SWIFT_STANDARD_LIBRARIES = YES;
				BUNDLE_LOADER = "$(TEST_HOST)";
				CODE_SIGN_STYLE = Automatic;
				CURRENT_PROJECT_VERSION = 1;
				DEVELOPMENT_TEAM = 7HX58YYQGS;
				GENERATE_INFOPLIST_FILE = YES;
				IPHONEOS_DEPLOYMENT_TARGET = 15.2;
				MARKETING_VERSION = 1.0;
				PRODUCT_BUNDLE_IDENTIFIER = "com.Wei-Xia.ParstagramTests";
				PRODUCT_NAME = "$(TARGET_NAME)";
				SWIFT_EMIT_LOC_STRINGS = NO;
				SWIFT_VERSION = 5.0;
				TARGETED_DEVICE_FAMILY = "1,2";
				TEST_HOST = "$(BUILT_PRODUCTS_DIR)/Parstagram.app/Parstagram";
			};
			name = Debug;
		};
		B6507D5F27E7A9990036F114 /* Release */ = {
			isa = XCBuildConfiguration;
			buildSettings = {
				ALWAYS_EMBED_SWIFT_STANDARD_LIBRARIES = YES;
				BUNDLE_LOADER = "$(TEST_HOST)";
				CODE_SIGN_STYLE = Automatic;
				CURRENT_PROJECT_VERSION = 1;
				DEVELOPMENT_TEAM = 7HX58YYQGS;
				GENERATE_INFOPLIST_FILE = YES;
				IPHONEOS_DEPLOYMENT_TARGET = 15.2;
				MARKETING_VERSION = 1.0;
				PRODUCT_BUNDLE_IDENTIFIER = "com.Wei-Xia.ParstagramTests";
				PRODUCT_NAME = "$(TARGET_NAME)";
				SWIFT_EMIT_LOC_STRINGS = NO;
				SWIFT_VERSION = 5.0;
				TARGETED_DEVICE_FAMILY = "1,2";
				TEST_HOST = "$(BUILT_PRODUCTS_DIR)/Parstagram.app/Parstagram";
			};
			name = Release;
		};
		B6507D6127E7A9990036F114 /* Debug */ = {
			isa = XCBuildConfiguration;
			buildSettings = {
				ALWAYS_EMBED_SWIFT_STANDARD_LIBRARIES = YES;
				CODE_SIGN_STYLE = Automatic;
				CURRENT_PROJECT_VERSION = 1;
				DEVELOPMENT_TEAM = 7HX58YYQGS;
				GENERATE_INFOPLIST_FILE = YES;
				MARKETING_VERSION = 1.0;
				PRODUCT_BUNDLE_IDENTIFIER = "com.Wei-Xia.ParstagramUITests";
				PRODUCT_NAME = "$(TARGET_NAME)";
				SWIFT_EMIT_LOC_STRINGS = NO;
				SWIFT_VERSION = 5.0;
				TARGETED_DEVICE_FAMILY = "1,2";
				TEST_TARGET_NAME = Parstagram;
			};
			name = Debug;
		};
		B6507D6227E7A9990036F114 /* Release */ = {
			isa = XCBuildConfiguration;
			buildSettings = {
				ALWAYS_EMBED_SWIFT_STANDARD_LIBRARIES = YES;
				CODE_SIGN_STYLE = Automatic;
				CURRENT_PROJECT_VERSION = 1;
				DEVELOPMENT_TEAM = 7HX58YYQGS;
				GENERATE_INFOPLIST_FILE = YES;
				MARKETING_VERSION = 1.0;
				PRODUCT_BUNDLE_IDENTIFIER = "com.Wei-Xia.ParstagramUITests";
				PRODUCT_NAME = "$(TARGET_NAME)";
				SWIFT_EMIT_LOC_STRINGS = NO;
				SWIFT_VERSION = 5.0;
				TARGETED_DEVICE_FAMILY = "1,2";
				TEST_TARGET_NAME = Parstagram;
			};
			name = Release;
		};
/* End XCBuildConfiguration section */

/* Begin XCConfigurationList section */
		B6507D2B27E7A9950036F114 /* Build configuration list for PBXProject "Parstagram" */ = {
			isa = XCConfigurationList;
			buildConfigurations = (
				B6507D5827E7A9990036F114 /* Debug */,
				B6507D5927E7A9990036F114 /* Release */,
			);
			defaultConfigurationIsVisible = 0;
			defaultConfigurationName = Release;
		};
		B6507D5A27E7A9990036F114 /* Build configuration list for PBXNativeTarget "Parstagram" */ = {
			isa = XCConfigurationList;
			buildConfigurations = (
				B6507D5B27E7A9990036F114 /* Debug */,
				B6507D5C27E7A9990036F114 /* Release */,
			);
			defaultConfigurationIsVisible = 0;
			defaultConfigurationName = Release;
		};
		B6507D5D27E7A9990036F114 /* Build configuration list for PBXNativeTarget "ParstagramTests" */ = {
			isa = XCConfigurationList;
			buildConfigurations = (
				B6507D5E27E7A9990036F114 /* Debug */,
				B6507D5F27E7A9990036F114 /* Release */,
			);
			defaultConfigurationIsVisible = 0;
			defaultConfigurationName = Release;
		};
		B6507D6027E7A9990036F114 /* Build configuration list for PBXNativeTarget "ParstagramUITests" */ = {
			isa = XCConfigurationList;
			buildConfigurations = (
				B6507D6127E7A9990036F114 /* Debug */,
				B6507D6227E7A9990036F114 /* Release */,
			);
			defaultConfigurationIsVisible = 0;
			defaultConfigurationName = Release;
		};
/* End XCConfigurationList section */
	};
	rootObject = B6507D2827E7A9950036F114 /* Project object */;
}
